
Microsoft Visual Studio Solution File, Format Version 12.00
# Visual Studio 15
VisualStudioVersion = 15.0.27130.2010
MinimumVisualStudioVersion = 10.0.40219.1
Project("{FAE04EC0-301F-11D3-BF4B-00C04F79EFBC}") = "Client", "Client\Client.csproj", "{9FDAE122-CD1E-467D-A6FA-A98C26E76348}"
EndProject
Project("{FAE04EC0-301F-11D3-BF4B-00C04F79EFBC}") = "Server", "Server\Server.csproj", "{B3DE9A4F-07E0-4DA1-BD06-D4A86878182C}"
EndProject
Project("{FAE04EC0-301F-11D3-BF4B-00C04F79EFBC}") = "Shared", "Shared\Shared.csproj", "{982DC5B6-1123-428A-83DD-D212490C859F}"
EndProject
Global
	GlobalSection(SolutionConfigurationPlatforms) = preSolution
		Debug|Any CPU = Debug|Any CPU
		Release|Any CPU = Release|Any CPU
	EndGlobalSection
	GlobalSection(ProjectConfigurationPlatforms) = postSolution
		{9FDAE122-CD1E-467D-A6FA-A98C26E76348}.Debug|Any CPU.ActiveCfg = Debug|Any CPU
		{9FDAE122-CD1E-467D-A6FA-A98C26E76348}.Debug|Any CPU.Build.0 = Debug|Any CPU
		{9FDAE122-CD1E-467D-A6FA-A98C26E76348}.Release|Any CPU.ActiveCfg = Release|Any CPU
		{9FDAE122-CD1E-467D-A6FA-A98C26E76348}.Release|Any CPU.Build.0 = Release|Any CPU
		{B3DE9A4F-07E0-4DA1-BD06-D4A86878182C}.Debug|Any CPU.ActiveCfg = Debug|Any CPU
		{B3DE9A4F-07E0-4DA1-BD06-D4A86878182C}.Debug|Any CPU.Build.0 = Debug|Any CPU
		{B3DE9A4F-07E0-4DA1-BD06-D4A86878182C}.Release|Any CPU.ActiveCfg = Release|Any CPU
		{B3DE9A4F-07E0-4DA1-BD06-D4A86878182C}.Release|Any CPU.Build.0 = Release|Any CPU
		{982DC5B6-1123-428A-83DD-D212490C859F}.Debug|Any CPU.ActiveCfg = Debug|Any CPU
		{982DC5B6-1123-428A-83DD-D212490C859F}.Debug|Any CPU.Build.0 = Debug|Any CPU
		{982DC5B6-1123-428A-83DD-D212490C859F}.Release|Any CPU.ActiveCfg = Release|Any CPU
		{982DC5B6-1123-428A-83DD-D212490C859F}.Release|Any CPU.Build.0 = Release|Any CPU
	EndGlobalSection
	GlobalSection(SolutionProperties) = preSolution
		HideSolutionNode = FALSE
	EndGlobalSection
	GlobalSection(ExtensibilityGlobals) = postSolution
		SolutionGuid = {7A9BC93C-00B1-46A5-827A-54875BBC8BAC}
	EndGlobalSection
EndGlobal
