
Microsoft Visual Studio Solution File, Format Version 12.00
# Visual Studio 15
VisualStudioVersion = 15.0.27130.2010
MinimumVisualStudioVersion = 10.0.40219.1
Project("{FAE04EC0-301F-11D3-BF4B-00C04F79EFBC}") = "BrowserTornado", "BrowserTornado\BrowserTornado.csproj", "{D3B9E3B8-3B47-430F-9E16-965F9D4391D0}"
EndProject
Project("{FAE04EC0-301F-11D3-BF4B-00C04F79EFBC}") = "Crypter", "Crypter\Crypter.csproj", "{AAA22A7D-9C62-41F5-A275-5C8C38F723C6}"
EndProject
Project("{FAE04EC0-301F-11D3-BF4B-00C04F79EFBC}") = "KeyLogger", "KeyLogger\KeyLogger.csproj", "{12478B3E-455E-4BAE-BDE8-1F42970770A3}"
EndProject
Project("{FAE04EC0-301F-11D3-BF4B-00C04F79EFBC}") = "ReverseShellClient", "ReverseShellClient\ReverseShellClient.csproj", "{9FDAE122-CD1E-467D-A6FA-A98C26E76348}"
EndProject
Project("{FAE04EC0-301F-11D3-BF4B-00C04F79EFBC}") = "ReverseShellServer", "ReverseShellServer\ReverseShellServer.csproj", "{B3DE9A4F-07E0-4DA1-BD06-D4A86878182C}"
EndProject
Project("{2150E333-8FDC-42A3-9474-1A3956D46DE8}") = "CommandProjects", "CommandProjects", "{C5EF8580-2124-4949-BE94-B9104DEA8721}"
EndProject
Project("{2150E333-8FDC-42A3-9474-1A3956D46DE8}") = "Client-server", "Client-server", "{E43F0140-B667-4B40-8755-53D096F5D109}"
EndProject
Project("{2150E333-8FDC-42A3-9474-1A3956D46DE8}") = "ComplexCommands", "ComplexCommands", "{65212592-967B-4BA3-A3F8-9BE31D52892B}"
EndProject
Project("{FAE04EC0-301F-11D3-BF4B-00C04F79EFBC}") = "ClientCommands", "ClientCommands\ClientCommands.csproj", "{344B0F42-2B3B-4D8A-8188-364F76A3D9E0}"
EndProject
Project("{FAE04EC0-301F-11D3-BF4B-00C04F79EFBC}") = "ServerCommands", "ServerCommands\ServerCommands.csproj", "{247F4125-B3E1-4D1B-BAED-1381C2C8630B}"
EndProject
Project("{FAE04EC0-301F-11D3-BF4B-00C04F79EFBC}") = "Shared", "Shared\Shared.csproj", "{982DC5B6-1123-428A-83DD-D212490C859F}"
EndProject
Project("{FAE04EC0-301F-11D3-BF4B-00C04F79EFBC}") = "AdvancedConsole", "AdvancedConsole\AdvancedConsole.csproj", "{692A7C90-B8FF-44B3-94B4-6F6B4B5370B7}"
EndProject
Project("{FAE04EC0-301F-11D3-BF4B-00C04F79EFBC}") = "ClientBotnet", "ClientBotnet\ClientBotnet.csproj", "{F860EFC0-6573-4894-80B6-E53BC24FAD48}"
EndProject
Project("{FAE04EC0-301F-11D3-BF4B-00C04F79EFBC}") = "ServerBotnet", "ServerBotnet\ServerBotnet.csproj", "{57DD95F1-8DBC-4F0F-AA05-5F689155C24A}"
EndProject
Global
	GlobalSection(SolutionConfigurationPlatforms) = preSolution
		Debug|Any CPU = Debug|Any CPU
		Release|Any CPU = Release|Any CPU
	EndGlobalSection
	GlobalSection(ProjectConfigurationPlatforms) = postSolution
		{D3B9E3B8-3B47-430F-9E16-965F9D4391D0}.Debug|Any CPU.ActiveCfg = Debug|Any CPU
		{D3B9E3B8-3B47-430F-9E16-965F9D4391D0}.Debug|Any CPU.Build.0 = Debug|Any CPU
		{D3B9E3B8-3B47-430F-9E16-965F9D4391D0}.Release|Any CPU.ActiveCfg = Release|Any CPU
		{D3B9E3B8-3B47-430F-9E16-965F9D4391D0}.Release|Any CPU.Build.0 = Release|Any CPU
		{AAA22A7D-9C62-41F5-A275-5C8C38F723C6}.Debug|Any CPU.ActiveCfg = Debug|Any CPU
		{AAA22A7D-9C62-41F5-A275-5C8C38F723C6}.Debug|Any CPU.Build.0 = Debug|Any CPU
		{AAA22A7D-9C62-41F5-A275-5C8C38F723C6}.Release|Any CPU.ActiveCfg = Release|Any CPU
		{AAA22A7D-9C62-41F5-A275-5C8C38F723C6}.Release|Any CPU.Build.0 = Release|Any CPU
		{12478B3E-455E-4BAE-BDE8-1F42970770A3}.Debug|Any CPU.ActiveCfg = Debug|Any CPU
		{12478B3E-455E-4BAE-BDE8-1F42970770A3}.Debug|Any CPU.Build.0 = Debug|Any CPU
		{12478B3E-455E-4BAE-BDE8-1F42970770A3}.Release|Any CPU.ActiveCfg = Release|Any CPU
		{12478B3E-455E-4BAE-BDE8-1F42970770A3}.Release|Any CPU.Build.0 = Release|Any CPU
		{9FDAE122-CD1E-467D-A6FA-A98C26E76348}.Debug|Any CPU.ActiveCfg = Debug|Any CPU
		{9FDAE122-CD1E-467D-A6FA-A98C26E76348}.Debug|Any CPU.Build.0 = Debug|Any CPU
		{9FDAE122-CD1E-467D-A6FA-A98C26E76348}.Release|Any CPU.ActiveCfg = Release|Any CPU
		{9FDAE122-CD1E-467D-A6FA-A98C26E76348}.Release|Any CPU.Build.0 = Release|Any CPU
		{B3DE9A4F-07E0-4DA1-BD06-D4A86878182C}.Debug|Any CPU.ActiveCfg = Debug|Any CPU
		{B3DE9A4F-07E0-4DA1-BD06-D4A86878182C}.Debug|Any CPU.Build.0 = Debug|Any CPU
		{B3DE9A4F-07E0-4DA1-BD06-D4A86878182C}.Release|Any CPU.ActiveCfg = Release|Any CPU
		{B3DE9A4F-07E0-4DA1-BD06-D4A86878182C}.Release|Any CPU.Build.0 = Release|Any CPU
		{344B0F42-2B3B-4D8A-8188-364F76A3D9E0}.Debug|Any CPU.ActiveCfg = Debug|Any CPU
		{344B0F42-2B3B-4D8A-8188-364F76A3D9E0}.Debug|Any CPU.Build.0 = Debug|Any CPU
		{344B0F42-2B3B-4D8A-8188-364F76A3D9E0}.Release|Any CPU.ActiveCfg = Release|Any CPU
		{344B0F42-2B3B-4D8A-8188-364F76A3D9E0}.Release|Any CPU.Build.0 = Release|Any CPU
		{247F4125-B3E1-4D1B-BAED-1381C2C8630B}.Debug|Any CPU.ActiveCfg = Debug|Any CPU
		{247F4125-B3E1-4D1B-BAED-1381C2C8630B}.Debug|Any CPU.Build.0 = Debug|Any CPU
		{247F4125-B3E1-4D1B-BAED-1381C2C8630B}.Release|Any CPU.ActiveCfg = Release|Any CPU
		{247F4125-B3E1-4D1B-BAED-1381C2C8630B}.Release|Any CPU.Build.0 = Release|Any CPU
		{982DC5B6-1123-428A-83DD-D212490C859F}.Debug|Any CPU.ActiveCfg = Debug|Any CPU
		{982DC5B6-1123-428A-83DD-D212490C859F}.Debug|Any CPU.Build.0 = Debug|Any CPU
		{982DC5B6-1123-428A-83DD-D212490C859F}.Release|Any CPU.ActiveCfg = Release|Any CPU
		{982DC5B6-1123-428A-83DD-D212490C859F}.Release|Any CPU.Build.0 = Release|Any CPU
		{692A7C90-B8FF-44B3-94B4-6F6B4B5370B7}.Debug|Any CPU.ActiveCfg = Debug|Any CPU
		{692A7C90-B8FF-44B3-94B4-6F6B4B5370B7}.Debug|Any CPU.Build.0 = Debug|Any CPU
		{692A7C90-B8FF-44B3-94B4-6F6B4B5370B7}.Release|Any CPU.ActiveCfg = Release|Any CPU
		{692A7C90-B8FF-44B3-94B4-6F6B4B5370B7}.Release|Any CPU.Build.0 = Release|Any CPU
		{F860EFC0-6573-4894-80B6-E53BC24FAD48}.Debug|Any CPU.ActiveCfg = Debug|Any CPU
		{F860EFC0-6573-4894-80B6-E53BC24FAD48}.Debug|Any CPU.Build.0 = Debug|Any CPU
		{F860EFC0-6573-4894-80B6-E53BC24FAD48}.Release|Any CPU.ActiveCfg = Release|Any CPU
		{F860EFC0-6573-4894-80B6-E53BC24FAD48}.Release|Any CPU.Build.0 = Release|Any CPU
		{57DD95F1-8DBC-4F0F-AA05-5F689155C24A}.Debug|Any CPU.ActiveCfg = Debug|Any CPU
		{57DD95F1-8DBC-4F0F-AA05-5F689155C24A}.Debug|Any CPU.Build.0 = Debug|Any CPU
		{57DD95F1-8DBC-4F0F-AA05-5F689155C24A}.Release|Any CPU.ActiveCfg = Release|Any CPU
		{57DD95F1-8DBC-4F0F-AA05-5F689155C24A}.Release|Any CPU.Build.0 = Release|Any CPU
	EndGlobalSection
	GlobalSection(SolutionProperties) = preSolution
		HideSolutionNode = FALSE
	EndGlobalSection
	GlobalSection(NestedProjects) = preSolution
		{D3B9E3B8-3B47-430F-9E16-965F9D4391D0} = {65212592-967B-4BA3-A3F8-9BE31D52892B}
		{AAA22A7D-9C62-41F5-A275-5C8C38F723C6} = {65212592-967B-4BA3-A3F8-9BE31D52892B}
		{12478B3E-455E-4BAE-BDE8-1F42970770A3} = {65212592-967B-4BA3-A3F8-9BE31D52892B}
		{9FDAE122-CD1E-467D-A6FA-A98C26E76348} = {E43F0140-B667-4B40-8755-53D096F5D109}
		{B3DE9A4F-07E0-4DA1-BD06-D4A86878182C} = {E43F0140-B667-4B40-8755-53D096F5D109}
		{65212592-967B-4BA3-A3F8-9BE31D52892B} = {C5EF8580-2124-4949-BE94-B9104DEA8721}
		{344B0F42-2B3B-4D8A-8188-364F76A3D9E0} = {C5EF8580-2124-4949-BE94-B9104DEA8721}
		{247F4125-B3E1-4D1B-BAED-1381C2C8630B} = {C5EF8580-2124-4949-BE94-B9104DEA8721}
	EndGlobalSection
	GlobalSection(ExtensibilityGlobals) = postSolution
		SolutionGuid = {7A9BC93C-00B1-46A5-827A-54875BBC8BAC}
	EndGlobalSection
EndGlobal
